
Microsoft Visual Studio Solution File, Format Version 12.00
# Visual Studio 14
VisualStudioVersion = 14.0.25420.1
MinimumVisualStudioVersion = 10.0.40219.1
Project("{FAE04EC0-301F-11D3-BF4B-00C04F79EFBC}") = "FaceDetection", "FaceDetection\FaceDetection.csproj", "{C2E63F70-29A1-47A5-A1FC-953F5541965F}"
EndProject
Project("{FAE04EC0-301F-11D3-BF4B-00C04F79EFBC}") = "Tester (Set me as Startup)", "Tester\Tester (Set me as Startup).csproj", "{D6688FA4-5560-48FF-A796-9EBA3CD4F0D1}"
EndProject
Project("{FAE04EC0-301F-11D3-BF4B-00C04F79EFBC}") = "Common", "Common\Common.csproj", "{958E4934-A071-416A-8848-2FA8ACA9D484}"
EndProject
Project("{FAE04EC0-301F-11D3-BF4B-00C04F79EFBC}") = "UnitTests", "UnitTests\UnitTests.csproj", "{7DE06A16-AF49-46B3-8659-7F1C4BF1E3B2}"
EndProject
Project("{FAE04EC0-301F-11D3-BF4B-00C04F79EFBC}") = "FaceClassifier", "FaceClassifier\FaceClassifier.csproj", "{C5BA30CB-2B5A-41C6-B4CF-15DD85D80E30}"
EndProject
Global
	GlobalSection(SolutionConfigurationPlatforms) = preSolution
		Debug|Any CPU = Debug|Any CPU
		Release|Any CPU = Release|Any CPU
	EndGlobalSection
	GlobalSection(ProjectConfigurationPlatforms) = postSolution
		{C2E63F70-29A1-47A5-A1FC-953F5541965F}.Debug|Any CPU.ActiveCfg = Debug|Any CPU
		{C2E63F70-29A1-47A5-A1FC-953F5541965F}.Debug|Any CPU.Build.0 = Debug|Any CPU
		{C2E63F70-29A1-47A5-A1FC-953F5541965F}.Release|Any CPU.ActiveCfg = Release|Any CPU
		{C2E63F70-29A1-47A5-A1FC-953F5541965F}.Release|Any CPU.Build.0 = Release|Any CPU
		{D6688FA4-5560-48FF-A796-9EBA3CD4F0D1}.Debug|Any CPU.ActiveCfg = Debug|Any CPU
		{D6688FA4-5560-48FF-A796-9EBA3CD4F0D1}.Debug|Any CPU.Build.0 = Debug|Any CPU
		{D6688FA4-5560-48FF-A796-9EBA3CD4F0D1}.Release|Any CPU.ActiveCfg = Release|Any CPU
		{D6688FA4-5560-48FF-A796-9EBA3CD4F0D1}.Release|Any CPU.Build.0 = Release|Any CPU
		{958E4934-A071-416A-8848-2FA8ACA9D484}.Debug|Any CPU.ActiveCfg = Debug|Any CPU
		{958E4934-A071-416A-8848-2FA8ACA9D484}.Debug|Any CPU.Build.0 = Debug|Any CPU
		{958E4934-A071-416A-8848-2FA8ACA9D484}.Release|Any CPU.ActiveCfg = Release|Any CPU
		{958E4934-A071-416A-8848-2FA8ACA9D484}.Release|Any CPU.Build.0 = Release|Any CPU
		{7DE06A16-AF49-46B3-8659-7F1C4BF1E3B2}.Debug|Any CPU.ActiveCfg = Debug|Any CPU
		{7DE06A16-AF49-46B3-8659-7F1C4BF1E3B2}.Debug|Any CPU.Build.0 = Debug|Any CPU
		{7DE06A16-AF49-46B3-8659-7F1C4BF1E3B2}.Release|Any CPU.ActiveCfg = Release|Any CPU
		{7DE06A16-AF49-46B3-8659-7F1C4BF1E3B2}.Release|Any CPU.Build.0 = Release|Any CPU
		{C5BA30CB-2B5A-41C6-B4CF-15DD85D80E30}.Debug|Any CPU.ActiveCfg = Debug|Any CPU
		{C5BA30CB-2B5A-41C6-B4CF-15DD85D80E30}.Debug|Any CPU.Build.0 = Debug|Any CPU
		{C5BA30CB-2B5A-41C6-B4CF-15DD85D80E30}.Release|Any CPU.ActiveCfg = Release|Any CPU
		{C5BA30CB-2B5A-41C6-B4CF-15DD85D80E30}.Release|Any CPU.Build.0 = Release|Any CPU
	EndGlobalSection
	GlobalSection(SolutionProperties) = preSolution
		HideSolutionNode = FALSE
	EndGlobalSection
EndGlobal
